Microsoft Visual Studio Solution File, Format Version 9.00
# Visual Studio 2005
Project("{8BC9CEB8-8B4A-11D0-8D11-00A0C91BC942}") = "using_transforms", "using_transforms.vcproj", "{7D55A757-8761-4BB0-ABD2-5B8DFF85706F}"
EndProject
Global
	GlobalSection(SolutionConfigurationPlatforms) = preSolution
		Debug|Win32 = Debug|Win32
		Release|Win32 = Release|Win32
	EndGlobalSection
	GlobalSection(ProjectConfigurationPlatforms) = postSolution
		{7D55A757-8761-4BB0-ABD2-5B8DFF85706F}.Debug|Win32.ActiveCfg = Debug|Win32
		{7D55A757-8761-4BB0-ABD2-5B8DFF85706F}.Debug|Win32.Build.0 = Debug|Win32
		{7D55A757-8761-4BB0-ABD2-5B8DFF85706F}.Release|Win32.ActiveCfg = Release|Win32
		{7D55A757-8761-4BB0-ABD2-5B8DFF85706F}.Release|Win32.Build.0 = Release|Win32
	EndGlobalSection
	GlobalSection(SolutionProperties) = preSolution
		HideSolutionNode = FALSE
	EndGlobalSection
EndGlobal
